
Microsoft Visual Studio Solution File, Format Version 12.00
# Visual Studio Version 17
VisualStudioVersion = 17.0.31903.59
MinimumVisualStudioVersion = 10.0.40219.1
Project("{FAE04EC0-301F-11D3-BF4B-00C04F79EFBC}") = "CompanyEmployees", "CompanyEmployees\CompanyEmployees.csproj", "{2148AA78-6327-4AA5-B879-E41EADB5C605}"
EndProject
Project("{FAE04EC0-301F-11D3-BF4B-00C04F79EFBC}") = "Contracts", "Contracts\Contracts.csproj", "{DE927E38-8846-4A32-A2DF-9B340E6BC39D}"
EndProject
Project("{FAE04EC0-301F-11D3-BF4B-00C04F79EFBC}") = "Entities", "Entities\Entities.csproj", "{0A3B2D87-3CAE-4318-91EB-06A4D41EBC70}"
EndProject
Project("{FAE04EC0-301F-11D3-BF4B-00C04F79EFBC}") = "Repository", "Repository\Repository.csproj", "{1AFBB082-BA9C-4A1B-89FA-A4936221332B}"
EndProject
Project("{FAE04EC0-301F-11D3-BF4B-00C04F79EFBC}") = "LoggerService", "LoggerService\LoggerService.csproj", "{4B70445C-C7CC-4033-BC67-FB57FCE3830B}"
EndProject
Project("{FAE04EC0-301F-11D3-BF4B-00C04F79EFBC}") = "Service.Contracts", "Service.Contracts\Service.Contracts.csproj", "{C6B12576-1C28-4D4A-972C-C8B60A3BE7AA}"
EndProject
Project("{FAE04EC0-301F-11D3-BF4B-00C04F79EFBC}") = "Service", "Service\Service.csproj", "{AD516C24-F876-4E4C-9D65-8749A4F13D45}"
EndProject
Project("{FAE04EC0-301F-11D3-BF4B-00C04F79EFBC}") = "CompanyEmployees.Presentation", "CompanyEmployees.Presentation\CompanyEmployees.Presentation.csproj", "{8B070FFB-50AF-4B09-95FC-6F7F4EF88515}"
EndProject
Project("{FAE04EC0-301F-11D3-BF4B-00C04F79EFBC}") = "Shared", "Shared\Shared.csproj", "{448946A3-01B0-4DB4-B02E-33CC4AE61DE9}"
EndProject
Global
	GlobalSection(SolutionConfigurationPlatforms) = preSolution
		Debug|Any CPU = Debug|Any CPU
		Release|Any CPU = Release|Any CPU
	EndGlobalSection
	GlobalSection(ProjectConfigurationPlatforms) = postSolution
		{2148AA78-6327-4AA5-B879-E41EADB5C605}.Debug|Any CPU.ActiveCfg = Debug|Any CPU
		{2148AA78-6327-4AA5-B879-E41EADB5C605}.Debug|Any CPU.Build.0 = Debug|Any CPU
		{2148AA78-6327-4AA5-B879-E41EADB5C605}.Release|Any CPU.ActiveCfg = Release|Any CPU
		{2148AA78-6327-4AA5-B879-E41EADB5C605}.Release|Any CPU.Build.0 = Release|Any CPU
		{DE927E38-8846-4A32-A2DF-9B340E6BC39D}.Debug|Any CPU.ActiveCfg = Debug|Any CPU
		{DE927E38-8846-4A32-A2DF-9B340E6BC39D}.Debug|Any CPU.Build.0 = Debug|Any CPU
		{DE927E38-8846-4A32-A2DF-9B340E6BC39D}.Release|Any CPU.ActiveCfg = Release|Any CPU
		{DE927E38-8846-4A32-A2DF-9B340E6BC39D}.Release|Any CPU.Build.0 = Release|Any CPU
		{0A3B2D87-3CAE-4318-91EB-06A4D41EBC70}.Debug|Any CPU.ActiveCfg = Debug|Any CPU
		{0A3B2D87-3CAE-4318-91EB-06A4D41EBC70}.Debug|Any CPU.Build.0 = Debug|Any CPU
		{0A3B2D87-3CAE-4318-91EB-06A4D41EBC70}.Release|Any CPU.ActiveCfg = Release|Any CPU
		{0A3B2D87-3CAE-4318-91EB-06A4D41EBC70}.Release|Any CPU.Build.0 = Release|Any CPU
		{1AFBB082-BA9C-4A1B-89FA-A4936221332B}.Debug|Any CPU.ActiveCfg = Debug|Any CPU
		{1AFBB082-BA9C-4A1B-89FA-A4936221332B}.Debug|Any CPU.Build.0 = Debug|Any CPU
		{1AFBB082-BA9C-4A1B-89FA-A4936221332B}.Release|Any CPU.ActiveCfg = Release|Any CPU
		{1AFBB082-BA9C-4A1B-89FA-A4936221332B}.Release|Any CPU.Build.0 = Release|Any CPU
		{4B70445C-C7CC-4033-BC67-FB57FCE3830B}.Debug|Any CPU.ActiveCfg = Debug|Any CPU
		{4B70445C-C7CC-4033-BC67-FB57FCE3830B}.Debug|Any CPU.Build.0 = Debug|Any CPU
		{4B70445C-C7CC-4033-BC67-FB57FCE3830B}.Release|Any CPU.ActiveCfg = Release|Any CPU
		{4B70445C-C7CC-4033-BC67-FB57FCE3830B}.Release|Any CPU.Build.0 = Release|Any CPU
		{C6B12576-1C28-4D4A-972C-C8B60A3BE7AA}.Debug|Any CPU.ActiveCfg = Debug|Any CPU
		{C6B12576-1C28-4D4A-972C-C8B60A3BE7AA}.Debug|Any CPU.Build.0 = Debug|Any CPU
		{C6B12576-1C28-4D4A-972C-C8B60A3BE7AA}.Release|Any CPU.ActiveCfg = Release|Any CPU
		{C6B12576-1C28-4D4A-972C-C8B60A3BE7AA}.Release|Any CPU.Build.0 = Release|Any CPU
		{AD516C24-F876-4E4C-9D65-8749A4F13D45}.Debug|Any CPU.ActiveCfg = Debug|Any CPU
		{AD516C24-F876-4E4C-9D65-8749A4F13D45}.Debug|Any CPU.Build.0 = Debug|Any CPU
		{AD516C24-F876-4E4C-9D65-8749A4F13D45}.Release|Any CPU.ActiveCfg = Release|Any CPU
		{AD516C24-F876-4E4C-9D65-8749A4F13D45}.Release|Any CPU.Build.0 = Release|Any CPU
		{8B070FFB-50AF-4B09-95FC-6F7F4EF88515}.Debug|Any CPU.ActiveCfg = Debug|Any CPU
		{8B070FFB-50AF-4B09-95FC-6F7F4EF88515}.Debug|Any CPU.Build.0 = Debug|Any CPU
		{8B070FFB-50AF-4B09-95FC-6F7F4EF88515}.Release|Any CPU.ActiveCfg = Release|Any CPU
		{8B070FFB-50AF-4B09-95FC-6F7F4EF88515}.Release|Any CPU.Build.0 = Release|Any CPU
		{448946A3-01B0-4DB4-B02E-33CC4AE61DE9}.Debug|Any CPU.ActiveCfg = Debug|Any CPU
		{448946A3-01B0-4DB4-B02E-33CC4AE61DE9}.Debug|Any CPU.Build.0 = Debug|Any CPU
		{448946A3-01B0-4DB4-B02E-33CC4AE61DE9}.Release|Any CPU.ActiveCfg = Release|Any CPU
		{448946A3-01B0-4DB4-B02E-33CC4AE61DE9}.Release|Any CPU.Build.0 = Release|Any CPU
	EndGlobalSection
	GlobalSection(SolutionProperties) = preSolution
		HideSolutionNode = FALSE
	EndGlobalSection
EndGlobal
